
Microsoft Visual Studio Solution File, Format Version 12.00
# Visual Studio 15
VisualStudioVersion = 15.0.27130.2027
MinimumVisualStudioVersion = 10.0.40219.1
Project("{8BC9CEB8-8B4A-11D0-8D11-00A0C91BC942}") = "BranchingStatement", "BranchingStatement\BranchingStatement.vcxproj", "{3F328EAB-5C87-49E9-8C0B-C97EED35F274}"
EndProject
Project("{8BC9CEB8-8B4A-11D0-8D11-00A0C91BC942}") = "LoopStatement", "..\LoopStatement\LoopStatement.vcxproj", "{1C4041F6-8D8F-4670-A5CF-2E003A120B6D}"
EndProject
Project("{8BC9CEB8-8B4A-11D0-8D11-00A0C91BC942}") = "VariableAndConst", "VariableAndConst\VariableAndConst.vcxproj", "{1302F343-74DB-401A-A164-25D894B35959}"
EndProject
Global
	GlobalSection(SolutionConfigurationPlatforms) = preSolution
		Debug|x64 = Debug|x64
		Debug|x86 = Debug|x86
		Release|x64 = Release|x64
		Release|x86 = Release|x86
	EndGlobalSection
	GlobalSection(ProjectConfigurationPlatforms) = postSolution
		{3F328EAB-5C87-49E9-8C0B-C97EED35F274}.Debug|x64.ActiveCfg = Debug|x64
		{3F328EAB-5C87-49E9-8C0B-C97EED35F274}.Debug|x64.Build.0 = Debug|x64
		{3F328EAB-5C87-49E9-8C0B-C97EED35F274}.Debug|x86.ActiveCfg = Debug|Win32
		{3F328EAB-5C87-49E9-8C0B-C97EED35F274}.Debug|x86.Build.0 = Debug|Win32
		{3F328EAB-5C87-49E9-8C0B-C97EED35F274}.Release|x64.ActiveCfg = Release|x64
		{3F328EAB-5C87-49E9-8C0B-C97EED35F274}.Release|x64.Build.0 = Release|x64
		{3F328EAB-5C87-49E9-8C0B-C97EED35F274}.Release|x86.ActiveCfg = Release|Win32
		{3F328EAB-5C87-49E9-8C0B-C97EED35F274}.Release|x86.Build.0 = Release|Win32
		{1C4041F6-8D8F-4670-A5CF-2E003A120B6D}.Debug|x64.ActiveCfg = Debug|x64
		{1C4041F6-8D8F-4670-A5CF-2E003A120B6D}.Debug|x64.Build.0 = Debug|x64
		{1C4041F6-8D8F-4670-A5CF-2E003A120B6D}.Debug|x86.ActiveCfg = Debug|Win32
		{1C4041F6-8D8F-4670-A5CF-2E003A120B6D}.Debug|x86.Build.0 = Debug|Win32
		{1C4041F6-8D8F-4670-A5CF-2E003A120B6D}.Release|x64.ActiveCfg = Release|x64
		{1C4041F6-8D8F-4670-A5CF-2E003A120B6D}.Release|x64.Build.0 = Release|x64
		{1C4041F6-8D8F-4670-A5CF-2E003A120B6D}.Release|x86.ActiveCfg = Release|Win32
		{1C4041F6-8D8F-4670-A5CF-2E003A120B6D}.Release|x86.Build.0 = Release|Win32
		{1302F343-74DB-401A-A164-25D894B35959}.Debug|x64.ActiveCfg = Debug|x64
		{1302F343-74DB-401A-A164-25D894B35959}.Debug|x64.Build.0 = Debug|x64
		{1302F343-74DB-401A-A164-25D894B35959}.Debug|x86.ActiveCfg = Debug|Win32
		{1302F343-74DB-401A-A164-25D894B35959}.Debug|x86.Build.0 = Debug|Win32
		{1302F343-74DB-401A-A164-25D894B35959}.Release|x64.ActiveCfg = Release|x64
		{1302F343-74DB-401A-A164-25D894B35959}.Release|x64.Build.0 = Release|x64
		{1302F343-74DB-401A-A164-25D894B35959}.Release|x86.ActiveCfg = Release|Win32
		{1302F343-74DB-401A-A164-25D894B35959}.Release|x86.Build.0 = Release|Win32
	EndGlobalSection
	GlobalSection(SolutionProperties) = preSolution
		HideSolutionNode = FALSE
	EndGlobalSection
	GlobalSection(ExtensibilityGlobals) = postSolution
		SolutionGuid = {4390F532-C363-4199-8EFB-4AA6ED7D5714}
	EndGlobalSection
EndGlobal
